// !$*UTF8*$!
{
	archiveVersion = 1;
	classes = {
	};
	objectVersion = 46;
	objects = {

/* Begin PBXBuildFile section */
		D0C36F00190F2631003EB35D /* Foundation.framework in Frameworks */ = {isa = PBXBuildFile; fileRef = D0C36EFF190F2631003EB35D /* Foundation.framework */; };
		D0C36F02190F2631003EB35D /* CoreGraphics.framework in Frameworks */ = {isa = PBXBuildFile; fileRef = D0C36F01190F2631003EB35D /* CoreGraphics.framework */; };
		D0C36F04190F2631003EB35D /* UIKit.framework in Frameworks */ = {isa = PBXBuildFile; fileRef = D0C36F03190F2631003EB35D /* UIKit.framework */; };
		D0C36F0A190F2631003EB35D /* InfoPlist.strings in Resources */ = {isa = PBXBuildFile; fileRef = D0C36F08190F2631003EB35D /* InfoPlist.strings */; };
		D0C36F0C190F2631003EB35D /* main.m in Sources */ = {isa = PBXBuildFile; fileRef = D0C36F0B190F2631003EB35D /* main.m */; };
		D0C36F10190F2631003EB35D /* MDF2AppDelegate.m in Sources */ = {isa = PBXBuildFile; fileRef = D0C36F0F190F2631003EB35D /* MDF2AppDelegate.m */; };
		D0C36F13190F2631003EB35D /* Main.storyboard in Resources */ = {isa = PBXBuildFile; fileRef = D0C36F11190F2631003EB35D /* Main.storyboard */; };
		D0C36F16190F2631003EB35D /* MDF2ViewController.m in Sources */ = {isa = PBXBuildFile; fileRef = D0C36F15190F2631003EB35D /* MDF2ViewController.m */; };
		D0C36F18190F2631003EB35D /* Images.xcassets in Resources */ = {isa = PBXBuildFile; fileRef = D0C36F17190F2631003EB35D /* Images.xcassets */; };
		D0C36F1F190F2631003EB35D /* XCTest.framework in Frameworks */ = {isa = PBXBuildFile; fileRef = D0C36F1E190F2631003EB35D /* XCTest.framework */; };
		D0C36F20190F2631003EB35D /* Foundation.framework in Frameworks */ = {isa = PBXBuildFile; fileRef = D0C36EFF190F2631003EB35D /* Foundation.framework */; };
		D0C36F21190F2631003EB35D /* UIKit.framework in Frameworks */ = {isa = PBXBuildFile; fileRef = D0C36F03190F2631003EB35D /* UIKit.framework */; };
		D0C36F29190F2631003EB35D /* InfoPlist.strings in Resources */ = {isa = PBXBuildFile; fileRef = D0C36F27190F2631003EB35D /* InfoPlist.strings */; };
		D0C36F2B190F2631003EB35D /* MDF2Project4Tests.m in Sources */ = {isa = PBXBuildFile; fileRef = D0C36F2A190F2631003EB35D /* MDF2Project4Tests.m */; };
/* End PBXBuildFile section */

/* Begin PBXContainerItemProxy section */
		D0C36F22190F2631003EB35D /* PBXContainerItemProxy */ = {
			isa = PBXContainerItemProxy;
			containerPortal = D0C36EF4190F2631003EB35D /* Project object */;
			proxyType = 1;
			remoteGlobalIDString = D0C36EFB190F2631003EB35D;
			remoteInfo = MDF2Project4;
		};
/* End PBXContainerItemProxy section */

/* Begin PBXFileReference section */
		D0C36EFC190F2631003EB35D /* MDF2Project4.app */ = {isa = PBXFileReference; explicitFileType = wrapper.application; includeInIndex = 0; path = MDF2Project4.app; sourceTree = BUILT_PRODUCTS_DIR; };
		D0C36EFF190F2631003EB35D /* Foundation.framework */ = {isa = PBXFileReference; lastKnownFileType = wrapper.framework; name = Foundation.framework; path = System/Library/Frameworks/Foundation.framework; sourceTree = SDKROOT; };
		D0C36F01190F2631003EB35D /* CoreGraphics.framework */ = {isa = PBXFileReference; lastKnownFileType = wrapper.framework; name = CoreGraphics.framework; path = System/Library/Frameworks/CoreGraphics.framework; sourceTree = SDKROOT; };
		D0C36F03190F2631003EB35D /* UIKit.framework */ = {isa = PBXFileReference; lastKnownFileType = wrapper.framework; name = UIKit.framework; path = System/Library/Frameworks/UIKit.framework; sourceTree = SDKROOT; };
		D0C36F07190F2631003EB35D /* MDF2Project4-Info.plist */ = {isa = PBXFileReference; lastKnownFileType = text.plist.xml; path = "MDF2Project4-Info.plist"; sourceTree = "<group>"; };
		D0C36F09190F2631003EB35D /* en */ = {isa = PBXFileReference; lastKnownFileType = text.plist.strings; name = en; path = en.lproj/InfoPlist.strings; sourceTree = "<group>"; };
		D0C36F0B190F2631003EB35D /* main.m */ = {isa = PBXFileReference; lastKnownFileType = sourcecode.c.objc; path = main.m; sourceTree = "<group>"; };
		D0C36F0D190F2631003EB35D /* MDF2Project4-Prefix.pch */ = {isa = PBXFileReference; lastKnownFileType = sourcecode.c.h; path = "MDF2Project4-Prefix.pch"; sourceTree = "<group>"; };
		D0C36F0E190F2631003EB35D /* MDF2AppDelegate.h */ = {isa = PBXFileReference; lastKnownFileType = sourcecode.c.h; path = MDF2AppDelegate.h; sourceTree = "<group>"; };
		D0C36F0F190F2631003EB35D /* MDF2AppDelegate.m */ = {isa = PBXFileReference; lastKnownFileType = sourcecode.c.objc; path = MDF2AppDelegate.m; sourceTree = "<group>"; };
		D0C36F12190F2631003EB35D /* Base */ = {isa = PBXFileReference; lastKnownFileType = file.storyboard; name = Base; path = Base.lproj/Main.storyboard; sourceTree = "<group>"; };
		D0C36F14190F2631003EB35D /* MDF2ViewController.h */ = {isa = PBXFileReference; lastKnownFileType = sourcecode.c.h; path = MDF2ViewController.h; sourceTree = "<group>"; };
		D0C36F15190F2631003EB35D /* MDF2ViewController.m */ = {isa = PBXFileReference; lastKnownFileType = sourcecode.c.objc; path = MDF2ViewController.m; sourceTree = "<group>"; };
		D0C36F17190F2631003EB35D /* Images.xcassets */ = {isa = PBXFileReference; lastKnownFileType = folder.assetcatalog; path = Images.xcassets; sourceTree = "<group>"; };
		D0C36F1D190F2631003EB35D /* MDF2Project4Tests.xctest */ = {isa = PBXFileReference; explicitFileType = wrapper.cfbundle; includeInIndex = 0; path = MDF2Project4Tests.xctest; sourceTree = BUILT_PRODUCTS_DIR; };
		D0C36F1E190F2631003EB35D /* XCTest.framework */ = {isa = PBXFileReference; lastKnownFileType = wrapper.framework; name = XCTest.framework; path = Library/Frameworks/XCTest.framework; sourceTree = DEVELOPER_DIR; };
		D0C36F26190F2631003EB35D /* MDF2Project4Tests-Info.plist */ = {isa = PBXFileReference; lastKnownFileType = text.plist.xml; path = "MDF2Project4Tests-Info.plist"; sourceTree = "<group>"; };
		D0C36F28190F2631003EB35D /* en */ = {isa = PBXFileReference; lastKnownFileType = text.plist.strings; name = en; path = en.lproj/InfoPlist.strings; sourceTree = "<group>"; };
		D0C36F2A190F2631003EB35D /* MDF2Project4Tests.m */ = {isa = PBXFileReference; lastKnownFileType = sourcecode.c.objc; path = MDF2Project4Tests.m; sourceTree = "<group>"; };
/* End PBXFileReference section */

/* Begin PBXFrameworksBuildPhase section */
		D0C36EF9190F2631003EB35D /* Frameworks */ = {
			isa = PBXFrameworksBuildPhase;
			buildActionMask = 2147483647;
			files = (
				D0C36F02190F2631003EB35D /* CoreGraphics.framework in Frameworks */,
				D0C36F04190F2631003EB35D /* UIKit.framework in Frameworks */,
				D0C36F00190F2631003EB35D /* Foundation.framework in Frameworks */,
			);
			runOnlyForDeploymentPostprocessing = 0;
		};
		D0C36F1A190F2631003EB35D /* Frameworks */ = {
			isa = PBXFrameworksBuildPhase;
			buildActionMask = 2147483647;
			files = (
				D0C36F1F190F2631003EB35D /* XCTest.framework in Frameworks */,
				D0C36F21190F2631003EB35D /* UIKit.framework in Frameworks */,
				D0C36F20190F2631003EB35D /* Foundation.framework in Frameworks */,
			);
			runOnlyForDeploymentPostprocessing = 0;
		};
/* End PBXFrameworksBuildPhase section */

/* Begin PBXGroup section */
		D0C36EF3190F2631003EB35D = {
			isa = PBXGroup;
			children = (
				D0C36F05190F2631003EB35D /* MDF2Project4 */,
				D0C36F24190F2631003EB35D /* MDF2Project4Tests */,
				D0C36EFE190F2631003EB35D /* Frameworks */,
				D0C36EFD190F2631003EB35D /* Products */,
			);
			sourceTree = "<group>";
		};
		D0C36EFD190F2631003EB35D /* Products */ = {
			isa = PBXGroup;
			children = (
				D0C36EFC190F2631003EB35D /* MDF2Project4.app */,
				D0C36F1D190F2631003EB35D /* MDF2Project4Tests.xctest */,
			);
			name = Products;
			sourceTree = "<group>";
		};
		D0C36EFE190F2631003EB35D /* Frameworks */ = {
			isa = PBXGroup;
			children = (
				D0C36EFF190F2631003EB35D /* Foundation.framework */,
				D0C36F01190F2631003EB35D /* CoreGraphics.framework */,
				D0C36F03190F2631003EB35D /* UIKit.framework */,
				D0C36F1E190F2631003EB35D /* XCTest.framework */,
			);
			name = Frameworks;
			sourceTree = "<group>";
		};
		D0C36F05190F2631003EB35D /* MDF2Project4 */ = {
			isa = PBXGroup;
			children = (
				D0C36F0E190F2631003EB35D /* MDF2AppDelegate.h */,
				D0C36F0F190F2631003EB35D /* MDF2AppDelegate.m */,
				D0C36F11190F2631003EB35D /* Main.storyboard */,
				D0C36F14190F2631003EB35D /* MDF2ViewController.h */,
				D0C36F15190F2631003EB35D /* MDF2ViewController.m */,
				D0C36F17190F2631003EB35D /* Images.xcassets */,
				D0C36F06190F2631003EB35D /* Supporting Files */,
			);
			path = MDF2Project4;
			sourceTree = "<group>";
		};
		D0C36F06190F2631003EB35D /* Supporting Files */ = {
			isa = PBXGroup;
			children = (
				D0C36F07190F2631003EB35D /* MDF2Project4-Info.plist */,
				D0C36F08190F2631003EB35D /* InfoPlist.strings */,
				D0C36F0B190F2631003EB35D /* main.m */,
				D0C36F0D190F2631003EB35D /* MDF2Project4-Prefix.pch */,
			);
			name = "Supporting Files";
			sourceTree = "<group>";
		};
		D0C36F24190F2631003EB35D /* MDF2Project4Tests */ = {
			isa = PBXGroup;
			children = (
				D0C36F2A190F2631003EB35D /* MDF2Project4Tests.m */,
				D0C36F25190F2631003EB35D /* Supporting Files */,
			);
			path = MDF2Project4Tests;
			sourceTree = "<group>";
		};
		D0C36F25190F2631003EB35D /* Supporting Files */ = {
			isa = PBXGroup;
			children = (
				D0C36F26190F2631003EB35D /* MDF2Project4Tests-Info.plist */,
				D0C36F27190F2631003EB35D /* InfoPlist.strings */,
			);
			name = "Supporting Files";
			sourceTree = "<group>";
		};
/* End PBXGroup section */

/* Begin PBXNativeTarget section */
		D0C36EFB190F2631003EB35D /* MDF2Project4 */ = {
			isa = PBXNativeTarget;
			buildConfigurationList = D0C36F2E190F2631003EB35D /* Build configuration list for PBXNativeTarget "MDF2Project4" */;
			buildPhases = (
				D0C36EF8190F2631003EB35D /* Sources */,
				D0C36EF9190F2631003EB35D /* Frameworks */,
				D0C36EFA190F2631003EB35D /* Resources */,
			);
			buildRules = (
			);
			dependencies = (
			);
			name = MDF2Project4;
			productName = MDF2Project4;
			productReference = D0C36EFC190F2631003EB35D /* MDF2Project4.app */;
			productType = "com.apple.product-type.application";
		};
		D0C36F1C190F2631003EB35D /* MDF2Project4Tests */ = {
			isa = PBXNativeTarget;
			buildConfigurationList = D0C36F31190F2631003EB35D /* Build configuration list for PBXNativeTarget "MDF2Project4Tests" */;
			buildPhases = (
				D0C36F19190F2631003EB35D /* Sources */,
				D0C36F1A190F2631003EB35D /* Frameworks */,
				D0C36F1B190F2631003EB35D /* Resources */,
			);
			buildRules = (
			);
			dependencies = (
				D0C36F23190F2631003EB35D /* PBXTargetDependency */,
			);
			name = MDF2Project4Tests;
			productName = MDF2Project4Tests;
			productReference = D0C36F1D190F2631003EB35D /* MDF2Project4Tests.xctest */;
			productType = "com.apple.product-type.bundle.unit-test";
		};
/* End PBXNativeTarget section */

/* Begin PBXProject section */
		D0C36EF4190F2631003EB35D /* Project object */ = {
			isa = PBXProject;
			attributes = {
				CLASSPREFIX = MDF2;
				LastUpgradeCheck = 0510;
				ORGANIZATIONNAME = "Brenna Pavlinchak";
				TargetAttributes = {
					D0C36F1C190F2631003EB35D = {
						TestTargetID = D0C36EFB190F2631003EB35D;
					};
				};
			};
			buildConfigurationList = D0C36EF7190F2631003EB35D /* Build configuration list for PBXProject "MDF2Project4" */;
			compatibilityVersion = "Xcode 3.2";
			developmentRegion = English;
			hasScannedForEncodings = 0;
			knownRegions = (
				en,
				Base,
			);
			mainGroup = D0C36EF3190F2631003EB35D;
			productRefGroup = D0C36EFD190F2631003EB35D /* Products */;
			projectDirPath = "";
			projectRoot = "";
			targets = (
				D0C36EFB190F2631003EB35D /* MDF2Project4 */,
				D0C36F1C190F2631003EB35D /* MDF2Project4Tests */,
			);
		};
/* End PBXProject section */

/* Begin PBXResourcesBuildPhase section */
		D0C36EFA190F2631003EB35D /* Resources */ = {
			isa = PBXResourcesBuildPhase;
			buildActionMask = 2147483647;
			files = (
				D0C36F18190F2631003EB35D /* Images.xcassets in Resources */,
				D0C36F0A190F2631003EB35D /* InfoPlist.strings in Resources */,
				D0C36F13190F2631003EB35D /* Main.storyboard in Resources */,
			);
			runOnlyForDeploymentPostprocessing = 0;
		};
		D0C36F1B190F2631003EB35D /* Resources */ = {
			isa = PBXResourcesBuildPhase;
			buildActionMask = 2147483647;
			files = (
				D0C36F29190F2631003EB35D /* InfoPlist.strings in Resources */,
			);
			runOnlyForDeploymentPostprocessing = 0;
		};
/* End PBXResourcesBuildPhase section */

/* Begin PBXSourcesBuildPhase section */
		D0C36EF8190F2631003EB35D /* Sources */ = {
			isa = PBXSourcesBuildPhase;
			buildActionMask = 2147483647;
			files = (
				D0C36F0C190F2631003EB35D /* main.m in Sources */,
				D0C36F16190F2631003EB35D /* MDF2ViewController.m in Sources */,
				D0C36F10190F2631003EB35D /* MDF2AppDelegate.m in Sources */,
			);
			runOnlyForDeploymentPostprocessing = 0;
		};
		D0C36F19190F2631003EB35D /* Sources */ = {
			isa = PBXSourcesBuildPhase;
			buildActionMask = 2147483647;
			files = (
				D0C36F2B190F2631003EB35D /* MDF2Project4Tests.m in Sources */,
			);
			runOnlyForDeploymentPostprocessing = 0;
		};
/* End PBXSourcesBuildPhase section */

/* Begin PBXTargetDependency section */
		D0C36F23190F2631003EB35D /* PBXTargetDependency */ = {
			isa = PBXTargetDependency;
			target = D0C36EFB190F2631003EB35D /* MDF2Project4 */;
			targetProxy = D0C36F22190F2631003EB35D /* PBXContainerItemProxy */;
		};
/* End PBXTargetDependency section */

/* Begin PBXVariantGroup section */
		D0C36F08190F2631003EB35D /* InfoPlist.strings */ = {
			isa = PBXVariantGroup;
			children = (
				D0C36F09190F2631003EB35D /* en */,
			);
			name = InfoPlist.strings;
			sourceTree = "<group>";
		};
		D0C36F11190F2631003EB35D /* Main.storyboard */ = {
			isa = PBXVariantGroup;
			children = (
				D0C36F12190F2631003EB35D /* Base */,
			);
			name = Main.storyboard;
			sourceTree = "<group>";
		};
		D0C36F27190F2631003EB35D /* InfoPlist.strings */ = {
			isa = PBXVariantGroup;
			children = (
				D0C36F28190F2631003EB35D /* en */,
			);
			name = InfoPlist.strings;
			sourceTree = "<group>";
		};
/* End PBXVariantGroup section */

/* Begin XCBuildConfiguration section */
		D0C36F2C190F2631003EB35D /* Debug */ = {
			isa = XCBuildConfiguration;
			buildSettings = {
				ALWAYS_SEARCH_USER_PATHS = NO;
				CLANG_CXX_LANGUAGE_STANDARD = "gnu++0x";
				CLANG_CXX_LIBRARY = "libc++";
				CLANG_ENABLE_MODULES = YES;
				CLANG_ENABLE_OBJC_ARC = YES;
				CLANG_WARN_BOOL_CONVERSION = YES;
				CLANG_WARN_CONSTANT_CONVERSION = YES;
				CLANG_WARN_DIRECT_OBJC_ISA_USAGE = YES_ERROR;
				CLANG_WARN_EMPTY_BODY = YES;
				CLANG_WARN_ENUM_CONVERSION = YES;
				CLANG_WARN_INT_CONVERSION = YES;
				CLANG_WARN_OBJC_ROOT_CLASS = YES_ERROR;
				CLANG_WARN__DUPLICATE_METHOD_MATCH = YES;
				"CODE_SIGN_IDENTITY[sdk=iphoneos*]" = "iPhone Developer";
				COPY_PHASE_STRIP = NO;
				GCC_C_LANGUAGE_STANDARD = gnu99;
				GCC_DYNAMIC_NO_PIC = NO;
				GCC_OPTIMIZATION_LEVEL = 0;
				GCC_PREPROCESSOR_DEFINITIONS = (
					"DEBUG=1",
					"$(inherited)",
				);
				GCC_SYMBOLS_PRIVATE_EXTERN = NO;
				GCC_WARN_64_TO_32_BIT_CONVERSION = YES;
				GCC_WARN_ABOUT_RETURN_TYPE = YES_ERROR;
				GCC_WARN_UNDECLARED_SELECTOR = YES;
				GCC_WARN_UNINITIALIZED_AUTOS = YES_AGGRESSIVE;
				GCC_WARN_UNUSED_FUNCTION = YES;
				GCC_WARN_UNUSED_VARIABLE = YES;
				IPHONEOS_DEPLOYMENT_TARGET = 7.1;
				ONLY_ACTIVE_ARCH = YES;
				SDKROOT = iphoneos;
				TARGETED_DEVICE_FAMILY = 2;
			};
			name = Debug;
		};
		D0C36F2D190F2631003EB35D /* Release */ = {
			isa = XCBuildConfiguration;
			buildSettings = {
				ALWAYS_SEARCH_USER_PATHS = NO;
				CLANG_CXX_LANGUAGE_STANDARD = "gnu++0x";
				CLANG_CXX_LIBRARY = "libc++";
				CLANG_ENABLE_MODULES = YES;
				CLANG_ENABLE_OBJC_ARC = YES;
				CLANG_WARN_BOOL_CONVERSION = YES;
				CLANG_WARN_CONSTANT_CONVERSION = YES;
				CLANG_WARN_DIRECT_OBJC_ISA_USAGE = YES_ERROR;
				CLANG_WARN_EMPTY_BODY = YES;
				CLANG_WARN_ENUM_CONVERSION = YES;
				CLANG_WARN_INT_CONVERSION = YES;
				CLANG_WARN_OBJC_ROOT_CLASS = YES_ERROR;
				CLANG_WARN__DUPLICATE_METHOD_MATCH = YES;
				"CODE_SIGN_IDENTITY[sdk=iphoneos*]" = "iPhone Developer";
				COPY_PHASE_STRIP = YES;
				ENABLE_NS_ASSERTIONS = NO;
				GCC_C_LANGUAGE_STANDARD = gnu99;
				GCC_WARN_64_TO_32_BIT_CONVERSION = YES;
				GCC_WARN_ABOUT_RETURN_TYPE = YES_ERROR;
				GCC_WARN_UNDECLARED_SELECTOR = YES;
				GCC_WARN_UNINITIALIZED_AUTOS = YES_AGGRESSIVE;
				GCC_WARN_UNUSED_FUNCTION = YES;
				GCC_WARN_UNUSED_VARIABLE = YES;
				IPHONEOS_DEPLOYMENT_TARGET = 7.1;
				SDKROOT = iphoneos;
				TARGETED_DEVICE_FAMILY = 2;
				VALIDATE_PRODUCT = YES;
			};
			name = Release;
		};
		D0C36F2F190F2631003EB35D /* Debug */ = {
			isa = XCBuildConfiguration;
			buildSettings = {
				ASSETCATALOG_COMPILER_APPICON_NAME = AppIcon;
				ASSETCATALOG_COMPILER_LAUNCHIMAGE_NAME = LaunchImage;
				GCC_PRECOMPILE_PREFIX_HEADER = YES;
				GCC_PREFIX_HEADER = "MDF2Project4/MDF2Project4-Prefix.pch";
				INFOPLIST_FILE = "MDF2Project4/MDF2Project4-Info.plist";
				PRODUCT_NAME = "$(TARGET_NAME)";
				WRAPPER_EXTENSION = app;
			};
			name = Debug;
		};
		D0C36F30190F2631003EB35D /* Release */ = {
			isa = XCBuildConfiguration;
			buildSettings = {
				ASSETCATALOG_COMPILER_APPICON_NAME = AppIcon;
				ASSETCATALOG_COMPILER_LAUNCHIMAGE_NAME = LaunchImage;
				GCC_PRECOMPILE_PREFIX_HEADER = YES;
				GCC_PREFIX_HEADER = "MDF2Project4/MDF2Project4-Prefix.pch";
				INFOPLIST_FILE = "MDF2Project4/MDF2Project4-Info.plist";
				PRODUCT_NAME = "$(TARGET_NAME)";
				WRAPPER_EXTENSION = app;
			};
			name = Release;
		};
		D0C36F32190F2631003EB35D /* Debug */ = {
			isa = XCBuildConfiguration;
			buildSettings = {
				BUNDLE_LOADER = "$(BUILT_PRODUCTS_DIR)/MDF2Project4.app/MDF2Project4";
				FRAMEWORK_SEARCH_PATHS = (
					"$(SDKROOT)/Developer/Library/Frameworks",
					"$(inherited)",
					"$(DEVELOPER_FRAMEWORKS_DIR)",
				);
				GCC_PRECOMPILE_PREFIX_HEADER = YES;
				GCC_PREFIX_HEADER = "MDF2Project4/MDF2Project4-Prefix.pch";
				GCC_PREPROCESSOR_DEFINITIONS = (
					"DEBUG=1",
					"$(inherited)",
				);
				INFOPLIST_FILE = "MDF2Project4Tests/MDF2Project4Tests-Info.plist";
				PRODUCT_NAME = "$(TARGET_NAME)";
				TEST_HOST = "$(BUNDLE_LOADER)";
				WRAPPER_EXTENSION = xctest;
			};
			name = Debug;
		};
		D0C36F33190F2631003EB35D /* Release */ = {
			isa = XCBuildConfiguration;
			buildSettings = {
				BUNDLE_LOADER = "$(BUILT_PRODUCTS_DIR)/MDF2Project4.app/MDF2Project4";
				FRAMEWORK_SEARCH_PATHS = (
					"$(SDKROOT)/Developer/Library/Frameworks",
					"$(inherited)",
					"$(DEVELOPER_FRAMEWORKS_DIR)",
				);
				GCC_PRECOMPILE_PREFIX_HEADER = YES;
				GCC_PREFIX_HEADER = "MDF2Project4/MDF2Project4-Prefix.pch";
				INFOPLIST_FILE = "MDF2Project4Tests/MDF2Project4Tests-Info.plist";
				PRODUCT_NAME = "$(TARGET_NAME)";
				TEST_HOST = "$(BUNDLE_LOADER)";
				WRAPPER_EXTENSION = xctest;
			};
			name = Release;
		};
/* End XCBuildConfiguration section */

/* Begin XCConfigurationList section */
		D0C36EF7190F2631003EB35D /* Build configuration list for PBXProject "MDF2Project4" */ = {
			isa = XCConfigurationList;
			buildConfigurations = (
				D0C36F2C190F2631003EB35D /* Debug */,
				D0C36F2D190F2631003EB35D /* Release */,
			);
			defaultConfigurationIsVisible = 0;
			defaultConfigurationName = Release;
		};
		D0C36F2E190F2631003EB35D /* Build configuration list for PBXNativeTarget "MDF2Project4" */ = {
			isa = XCConfigurationList;
			buildConfigurations = (
				D0C36F2F190F2631003EB35D /* Debug */,
				D0C36F30190F2631003EB35D /* Release */,
			);
			defaultConfigurationIsVisible = 0;
		};
		D0C36F31190F2631003EB35D /* Build configuration list for PBXNativeTarget "MDF2Project4Tests" */ = {
			isa = XCConfigurationList;
			buildConfigurations = (
				D0C36F32190F2631003EB35D /* Debug */,
				D0C36F33190F2631003EB35D /* Release */,
			);
			defaultConfigurationIsVisible = 0;
		};
/* End XCConfigurationList section */
	};
	rootObject = D0C36EF4190F2631003EB35D /* Project object */;
}
